
Microsoft Visual Studio Solution File, Format Version 12.00
Project("{2150E333-8FDC-42A3-9474-1A3956D46DE8}") = "src", "src", "{31B2479D-F9EC-4454-9403-9050BB91CE8C}"
EndProject
Project("{2150E333-8FDC-42A3-9474-1A3956D46DE8}") = "test", "test", "{946167F5-FE4D-4FFB-B998-08093F481ECE}"
EndProject
Project("{FAE04EC0-301F-11D3-BF4B-00C04F79EFBC}") = "Bookify.Domain", "Bookify.Domain\Bookify.Domain.csproj", "{0E093974-93CE-4A53-9104-6CC4F464E420}"
EndProject
Project("{FAE04EC0-301F-11D3-BF4B-00C04F79EFBC}") = "Bookify.Application", "Bookify.Application\Bookify.Application.csproj", "{A14F619B-887B-4D6B-A318-0A9A52FB867C}"
EndProject
Global
	GlobalSection(SolutionConfigurationPlatforms) = preSolution
		Debug|Any CPU = Debug|Any CPU
		Release|Any CPU = Release|Any CPU
	EndGlobalSection
	GlobalSection(ProjectConfigurationPlatforms) = postSolution
		{0E093974-93CE-4A53-9104-6CC4F464E420}.Debug|Any CPU.ActiveCfg = Debug|Any CPU
		{0E093974-93CE-4A53-9104-6CC4F464E420}.Debug|Any CPU.Build.0 = Debug|Any CPU
		{0E093974-93CE-4A53-9104-6CC4F464E420}.Release|Any CPU.ActiveCfg = Release|Any CPU
		{0E093974-93CE-4A53-9104-6CC4F464E420}.Release|Any CPU.Build.0 = Release|Any CPU
		{A14F619B-887B-4D6B-A318-0A9A52FB867C}.Debug|Any CPU.ActiveCfg = Debug|Any CPU
		{A14F619B-887B-4D6B-A318-0A9A52FB867C}.Debug|Any CPU.Build.0 = Debug|Any CPU
		{A14F619B-887B-4D6B-A318-0A9A52FB867C}.Release|Any CPU.ActiveCfg = Release|Any CPU
		{A14F619B-887B-4D6B-A318-0A9A52FB867C}.Release|Any CPU.Build.0 = Release|Any CPU
	EndGlobalSection
	GlobalSection(NestedProjects) = preSolution
		{0E093974-93CE-4A53-9104-6CC4F464E420} = {31B2479D-F9EC-4454-9403-9050BB91CE8C}
		{A14F619B-887B-4D6B-A318-0A9A52FB867C} = {31B2479D-F9EC-4454-9403-9050BB91CE8C}
	EndGlobalSection
EndGlobal
